// !$*UTF8*$!
{
	archiveVersion = 1;
	classes = {
	};
	objectVersion = 56;
	objects = {

/* Begin PBXBuildFile section */
		208AC8732B19E809001C917F /* HikeApp.swift in Sources */ = {isa = PBXBuildFile; fileRef = 208AC8722B19E809001C917F /* HikeApp.swift */; };
		208AC8752B19E809001C917F /* ContentView.swift in Sources */ = {isa = PBXBuildFile; fileRef = 208AC8742B19E809001C917F /* ContentView.swift */; };
		208AC8772B19E80B001C917F /* Assets.xcassets in Resources */ = {isa = PBXBuildFile; fileRef = 208AC8762B19E80B001C917F /* Assets.xcassets */; };
		208AC87A2B19E80B001C917F /* Preview Assets.xcassets in Resources */ = {isa = PBXBuildFile; fileRef = 208AC8792B19E80B001C917F /* Preview Assets.xcassets */; };
		208AC8842B19E80B001C917F /* HikeTests.swift in Sources */ = {isa = PBXBuildFile; fileRef = 208AC8832B19E80B001C917F /* HikeTests.swift */; };
		208AC88E2B19E80B001C917F /* HikeUITests.swift in Sources */ = {isa = PBXBuildFile; fileRef = 208AC88D2B19E80B001C917F /* HikeUITests.swift */; };
		208AC8902B19E80B001C917F /* HikeUITestsLaunchTests.swift in Sources */ = {isa = PBXBuildFile; fileRef = 208AC88F2B19E80B001C917F /* HikeUITestsLaunchTests.swift */; };
		208AC89D2B19EBE9001C917F /* CardView.swift in Sources */ = {isa = PBXBuildFile; fileRef = 208AC89C2B19EBE9001C917F /* CardView.swift */; };
		208AC8A02B19ECF9001C917F /* CustomBackgroundView.swift in Sources */ = {isa = PBXBuildFile; fileRef = 208AC89F2B19ECF9001C917F /* CustomBackgroundView.swift */; };
		208AC8A32B19F956001C917F /* ColorExtension.swift in Sources */ = {isa = PBXBuildFile; fileRef = 208AC8A22B19F956001C917F /* ColorExtension.swift */; };
		208AC8A52B1A1204001C917F /* CustomButtonView.swift in Sources */ = {isa = PBXBuildFile; fileRef = 208AC8A42B1A1204001C917F /* CustomButtonView.swift */; };
		208AC8A72B1A2232001C917F /* GradientButtonStyle.swift in Sources */ = {isa = PBXBuildFile; fileRef = 208AC8A62B1A2232001C917F /* GradientButtonStyle.swift */; };
/* End PBXBuildFile section */

/* Begin PBXContainerItemProxy section */
		208AC8802B19E80B001C917F /* PBXContainerItemProxy */ = {
			isa = PBXContainerItemProxy;
			containerPortal = 208AC8672B19E809001C917F /* Project object */;
			proxyType = 1;
			remoteGlobalIDString = 208AC86E2B19E809001C917F;
			remoteInfo = Hike;
		};
		208AC88A2B19E80B001C917F /* PBXContainerItemProxy */ = {
			isa = PBXContainerItemProxy;
			containerPortal = 208AC8672B19E809001C917F /* Project object */;
			proxyType = 1;
			remoteGlobalIDString = 208AC86E2B19E809001C917F;
			remoteInfo = Hike;
		};
/* End PBXContainerItemProxy section */

/* Begin PBXFileReference section */
		208AC86F2B19E809001C917F /* Hike.app */ = {isa = PBXFileReference; explicitFileType = wrapper.application; includeInIndex = 0; path = Hike.app; sourceTree = BUILT_PRODUCTS_DIR; };
		208AC8722B19E809001C917F /* HikeApp.swift */ = {isa = PBXFileReference; lastKnownFileType = sourcecode.swift; path = HikeApp.swift; sourceTree = "<group>"; };
		208AC8742B19E809001C917F /* ContentView.swift */ = {isa = PBXFileReference; lastKnownFileType = sourcecode.swift; path = ContentView.swift; sourceTree = "<group>"; };
		208AC8762B19E80B001C917F /* Assets.xcassets */ = {isa = PBXFileReference; lastKnownFileType = folder.assetcatalog; path = Assets.xcassets; sourceTree = "<group>"; };
		208AC8792B19E80B001C917F /* Preview Assets.xcassets */ = {isa = PBXFileReference; lastKnownFileType = folder.assetcatalog; path = "Preview Assets.xcassets"; sourceTree = "<group>"; };
		208AC87F2B19E80B001C917F /* HikeTests.xctest */ = {isa = PBXFileReference; explicitFileType = wrapper.cfbundle; includeInIndex = 0; path = HikeTests.xctest; sourceTree = BUILT_PRODUCTS_DIR; };
		208AC8832B19E80B001C917F /* HikeTests.swift */ = {isa = PBXFileReference; lastKnownFileType = sourcecode.swift; path = HikeTests.swift; sourceTree = "<group>"; };
		208AC8892B19E80B001C917F /* HikeUITests.xctest */ = {isa = PBXFileReference; explicitFileType = wrapper.cfbundle; includeInIndex = 0; path = HikeUITests.xctest; sourceTree = BUILT_PRODUCTS_DIR; };
		208AC88D2B19E80B001C917F /* HikeUITests.swift */ = {isa = PBXFileReference; lastKnownFileType = sourcecode.swift; path = HikeUITests.swift; sourceTree = "<group>"; };
		208AC88F2B19E80B001C917F /* HikeUITestsLaunchTests.swift */ = {isa = PBXFileReference; lastKnownFileType = sourcecode.swift; path = HikeUITestsLaunchTests.swift; sourceTree = "<group>"; };
		208AC89C2B19EBE9001C917F /* CardView.swift */ = {isa = PBXFileReference; lastKnownFileType = sourcecode.swift; path = CardView.swift; sourceTree = "<group>"; };
		208AC89F2B19ECF9001C917F /* CustomBackgroundView.swift */ = {isa = PBXFileReference; lastKnownFileType = sourcecode.swift; path = CustomBackgroundView.swift; sourceTree = "<group>"; };
		208AC8A22B19F956001C917F /* ColorExtension.swift */ = {isa = PBXFileReference; lastKnownFileType = sourcecode.swift; path = ColorExtension.swift; sourceTree = "<group>"; };
		208AC8A42B1A1204001C917F /* CustomButtonView.swift */ = {isa = PBXFileReference; lastKnownFileType = sourcecode.swift; path = CustomButtonView.swift; sourceTree = "<group>"; };
		208AC8A62B1A2232001C917F /* GradientButtonStyle.swift */ = {isa = PBXFileReference; lastKnownFileType = sourcecode.swift; path = GradientButtonStyle.swift; sourceTree = "<group>"; };
/* End PBXFileReference section */

/* Begin PBXFrameworksBuildPhase section */
		208AC86C2B19E809001C917F /* Frameworks */ = {
			isa = PBXFrameworksBuildPhase;
			buildActionMask = 2147483647;
			files = (
			);
			runOnlyForDeploymentPostprocessing = 0;
		};
		208AC87C2B19E80B001C917F /* Frameworks */ = {
			isa = PBXFrameworksBuildPhase;
			buildActionMask = 2147483647;
			files = (
			);
			runOnlyForDeploymentPostprocessing = 0;
		};
		208AC8862B19E80B001C917F /* Frameworks */ = {
			isa = PBXFrameworksBuildPhase;
			buildActionMask = 2147483647;
			files = (
			);
			runOnlyForDeploymentPostprocessing = 0;
		};
/* End PBXFrameworksBuildPhase section */

/* Begin PBXGroup section */
		208AC8662B19E809001C917F = {
			isa = PBXGroup;
			children = (
				208AC8712B19E809001C917F /* Hike */,
				208AC8822B19E80B001C917F /* HikeTests */,
				208AC88C2B19E80B001C917F /* HikeUITests */,
				208AC8702B19E809001C917F /* Products */,
			);
			sourceTree = "<group>";
		};
		208AC8702B19E809001C917F /* Products */ = {
			isa = PBXGroup;
			children = (
				208AC86F2B19E809001C917F /* Hike.app */,
				208AC87F2B19E80B001C917F /* HikeTests.xctest */,
				208AC8892B19E80B001C917F /* HikeUITests.xctest */,
			);
			name = Products;
			sourceTree = "<group>";
		};
		208AC8712B19E809001C917F /* Hike */ = {
			isa = PBXGroup;
			children = (
				208AC8A12B19F935001C917F /* Utility */,
				208AC8722B19E809001C917F /* HikeApp.swift */,
				208AC8742B19E809001C917F /* ContentView.swift */,
				208AC8762B19E80B001C917F /* Assets.xcassets */,
				208AC8782B19E80B001C917F /* Preview Content */,
				208AC89E2B19ECD6001C917F /* Component */,
			);
			path = Hike;
			sourceTree = "<group>";
		};
		208AC8782B19E80B001C917F /* Preview Content */ = {
			isa = PBXGroup;
			children = (
				208AC8792B19E80B001C917F /* Preview Assets.xcassets */,
			);
			path = "Preview Content";
			sourceTree = "<group>";
		};
		208AC8822B19E80B001C917F /* HikeTests */ = {
			isa = PBXGroup;
			children = (
				208AC8832B19E80B001C917F /* HikeTests.swift */,
			);
			path = HikeTests;
			sourceTree = "<group>";
		};
		208AC88C2B19E80B001C917F /* HikeUITests */ = {
			isa = PBXGroup;
			children = (
				208AC88D2B19E80B001C917F /* HikeUITests.swift */,
				208AC88F2B19E80B001C917F /* HikeUITestsLaunchTests.swift */,
			);
			path = HikeUITests;
			sourceTree = "<group>";
		};
		208AC89E2B19ECD6001C917F /* Component */ = {
			isa = PBXGroup;
			children = (
				208AC89C2B19EBE9001C917F /* CardView.swift */,
				208AC89F2B19ECF9001C917F /* CustomBackgroundView.swift */,
				208AC8A42B1A1204001C917F /* CustomButtonView.swift */,
			);
			path = Component;
			sourceTree = "<group>";
		};
		208AC8A12B19F935001C917F /* Utility */ = {
			isa = PBXGroup;
			children = (
				208AC8A22B19F956001C917F /* ColorExtension.swift */,
				208AC8A62B1A2232001C917F /* GradientButtonStyle.swift */,
			);
			path = Utility;
			sourceTree = "<group>";
		};
/* End PBXGroup section */

/* Begin PBXNativeTarget section */
		208AC86E2B19E809001C917F /* Hike */ = {
			isa = PBXNativeTarget;
			buildConfigurationList = 208AC8932B19E80B001C917F /* Build configuration list for PBXNativeTarget "Hike" */;
			buildPhases = (
				208AC86B2B19E809001C917F /* Sources */,
				208AC86C2B19E809001C917F /* Frameworks */,
				208AC86D2B19E809001C917F /* Resources */,
			);
			buildRules = (
			);
			dependencies = (
			);
			name = Hike;
			productName = Hike;
			productReference = 208AC86F2B19E809001C917F /* Hike.app */;
			productType = "com.apple.product-type.application";
		};
		208AC87E2B19E80B001C917F /* HikeTests */ = {
			isa = PBXNativeTarget;
			buildConfigurationList = 208AC8962B19E80B001C917F /* Build configuration list for PBXNativeTarget "HikeTests" */;
			buildPhases = (
				208AC87B2B19E80B001C917F /* Sources */,
				208AC87C2B19E80B001C917F /* Frameworks */,
				208AC87D2B19E80B001C917F /* Resources */,
			);
			buildRules = (
			);
			dependencies = (
				208AC8812B19E80B001C917F /* PBXTargetDependency */,
			);
			name = HikeTests;
			productName = HikeTests;
			productReference = 208AC87F2B19E80B001C917F /* HikeTests.xctest */;
			productType = "com.apple.product-type.bundle.unit-test";
		};
		208AC8882B19E80B001C917F /* HikeUITests */ = {
			isa = PBXNativeTarget;
			buildConfigurationList = 208AC8992B19E80B001C917F /* Build configuration list for PBXNativeTarget "HikeUITests" */;
			buildPhases = (
				208AC8852B19E80B001C917F /* Sources */,
				208AC8862B19E80B001C917F /* Frameworks */,
				208AC8872B19E80B001C917F /* Resources */,
			);
			buildRules = (
			);
			dependencies = (
				208AC88B2B19E80B001C917F /* PBXTargetDependency */,
			);
			name = HikeUITests;
			productName = HikeUITests;
			productReference = 208AC8892B19E80B001C917F /* HikeUITests.xctest */;
			productType = "com.apple.product-type.bundle.ui-testing";
		};
/* End PBXNativeTarget section */

/* Begin PBXProject section */
		208AC8672B19E809001C917F /* Project object */ = {
			isa = PBXProject;
			attributes = {
				BuildIndependentTargetsInParallel = 1;
				LastSwiftUpdateCheck = 1500;
				LastUpgradeCheck = 1500;
				TargetAttributes = {
					208AC86E2B19E809001C917F = {
						CreatedOnToolsVersion = 15.0.1;
					};
					208AC87E2B19E80B001C917F = {
						CreatedOnToolsVersion = 15.0.1;
						TestTargetID = 208AC86E2B19E809001C917F;
					};
					208AC8882B19E80B001C917F = {
						CreatedOnToolsVersion = 15.0.1;
						TestTargetID = 208AC86E2B19E809001C917F;
					};
				};
			};
			buildConfigurationList = 208AC86A2B19E809001C917F /* Build configuration list for PBXProject "Hike" */;
			compatibilityVersion = "Xcode 14.0";
			developmentRegion = en;
			hasScannedForEncodings = 0;
			knownRegions = (
				en,
				Base,
			);
			mainGroup = 208AC8662B19E809001C917F;
			productRefGroup = 208AC8702B19E809001C917F /* Products */;
			projectDirPath = "";
			projectRoot = "";
			targets = (
				208AC86E2B19E809001C917F /* Hike */,
				208AC87E2B19E80B001C917F /* HikeTests */,
				208AC8882B19E80B001C917F /* HikeUITests */,
			);
		};
/* End PBXProject section */

/* Begin PBXResourcesBuildPhase section */
		208AC86D2B19E809001C917F /* Resources */ = {
			isa = PBXResourcesBuildPhase;
			buildActionMask = 2147483647;
			files = (
				208AC87A2B19E80B001C917F /* Preview Assets.xcassets in Resources */,
				208AC8772B19E80B001C917F /* Assets.xcassets in Resources */,
			);
			runOnlyForDeploymentPostprocessing = 0;
		};
		208AC87D2B19E80B001C917F /* Resources */ = {
			isa = PBXResourcesBuildPhase;
			buildActionMask = 2147483647;
			files = (
			);
			runOnlyForDeploymentPostprocessing = 0;
		};
		208AC8872B19E80B001C917F /* Resources */ = {
			isa = PBXResourcesBuildPhase;
			buildActionMask = 2147483647;
			files = (
			);
			runOnlyForDeploymentPostprocessing = 0;
		};
/* End PBXResourcesBuildPhase section */

/* Begin PBXSourcesBuildPhase section */
		208AC86B2B19E809001C917F /* Sources */ = {
			isa = PBXSourcesBuildPhase;
			buildActionMask = 2147483647;
			files = (
				208AC8752B19E809001C917F /* ContentView.swift in Sources */,
				208AC89D2B19EBE9001C917F /* CardView.swift in Sources */,
				208AC8732B19E809001C917F /* HikeApp.swift in Sources */,
				208AC8A52B1A1204001C917F /* CustomButtonView.swift in Sources */,
				208AC8A72B1A2232001C917F /* GradientButtonStyle.swift in Sources */,
				208AC8A02B19ECF9001C917F /* CustomBackgroundView.swift in Sources */,
				208AC8A32B19F956001C917F /* ColorExtension.swift in Sources */,
			);
			runOnlyForDeploymentPostprocessing = 0;
		};
		208AC87B2B19E80B001C917F /* Sources */ = {
			isa = PBXSourcesBuildPhase;
			buildActionMask = 2147483647;
			files = (
				208AC8842B19E80B001C917F /* HikeTests.swift in Sources */,
			);
			runOnlyForDeploymentPostprocessing = 0;
		};
		208AC8852B19E80B001C917F /* Sources */ = {
			isa = PBXSourcesBuildPhase;
			buildActionMask = 2147483647;
			files = (
				208AC88E2B19E80B001C917F /* HikeUITests.swift in Sources */,
				208AC8902B19E80B001C917F /* HikeUITestsLaunchTests.swift in Sources */,
			);
			runOnlyForDeploymentPostprocessing = 0;
		};
/* End PBXSourcesBuildPhase section */

/* Begin PBXTargetDependency section */
		208AC8812B19E80B001C917F /* PBXTargetDependency */ = {
			isa = PBXTargetDependency;
			target = 208AC86E2B19E809001C917F /* Hike */;
			targetProxy = 208AC8802B19E80B001C917F /* PBXContainerItemProxy */;
		};
		208AC88B2B19E80B001C917F /* PBXTargetDependency */ = {
			isa = PBXTargetDependency;
			target = 208AC86E2B19E809001C917F /* Hike */;
			targetProxy = 208AC88A2B19E80B001C917F /* PBXContainerItemProxy */;
		};
/* End PBXTargetDependency section */

/* Begin XCBuildConfiguration section */
		208AC8912B19E80B001C917F /* Debug */ = {
			isa = XCBuildConfiguration;
			buildSettings = {
				ALWAYS_SEARCH_USER_PATHS = NO;
				ASSETCATALOG_COMPILER_GENERATE_SWIFT_ASSET_SYMBOL_EXTENSIONS = YES;
				CLANG_ANALYZER_NONNULL = YES;
				CLANG_ANALYZER_NUMBER_OBJECT_CONVERSION = YES_AGGRESSIVE;
				CLANG_CXX_LANGUAGE_STANDARD = "gnu++20";
				CLANG_ENABLE_MODULES = YES;
				CLANG_ENABLE_OBJC_ARC = YES;
				CLANG_ENABLE_OBJC_WEAK = YES;
				CLANG_WARN_BLOCK_CAPTURE_AUTORELEASING = YES;
				CLANG_WARN_BOOL_CONVERSION = YES;
				CLANG_WARN_COMMA = YES;
				CLANG_WARN_CONSTANT_CONVERSION = YES;
				CLANG_WARN_DEPRECATED_OBJC_IMPLEMENTATIONS = YES;
				CLANG_WARN_DIRECT_OBJC_ISA_USAGE = YES_ERROR;
				CLANG_WARN_DOCUMENTATION_COMMENTS = YES;
				CLANG_WARN_EMPTY_BODY = YES;
				CLANG_WARN_ENUM_CONVERSION = YES;
				CLANG_WARN_INFINITE_RECURSION = YES;
				CLANG_WARN_INT_CONVERSION = YES;
				CLANG_WARN_NON_LITERAL_NULL_CONVERSION = YES;
				CLANG_WARN_OBJC_IMPLICIT_RETAIN_SELF = YES;
				CLANG_WARN_OBJC_LITERAL_CONVERSION = YES;
				CLANG_WARN_OBJC_ROOT_CLASS = YES_ERROR;
				CLANG_WARN_QUOTED_INCLUDE_IN_FRAMEWORK_HEADER = YES;
				CLANG_WARN_RANGE_LOOP_ANALYSIS = YES;
				CLANG_WARN_STRICT_PROTOTYPES = YES;
				CLANG_WARN_SUSPICIOUS_MOVE = YES;
				CLANG_WARN_UNGUARDED_AVAILABILITY = YES_AGGRESSIVE;
				CLANG_WARN_UNREACHABLE_CODE = YES;
				CLANG_WARN__DUPLICATE_METHOD_MATCH = YES;
				COPY_PHASE_STRIP = NO;
				DEBUG_INFORMATION_FORMAT = dwarf;
				ENABLE_STRICT_OBJC_MSGSEND = YES;
				ENABLE_TESTABILITY = YES;
				ENABLE_USER_SCRIPT_SANDBOXING = YES;
				GCC_C_LANGUAGE_STANDARD = gnu17;
				GCC_DYNAMIC_NO_PIC = NO;
				GCC_NO_COMMON_BLOCKS = YES;
				GCC_OPTIMIZATION_LEVEL = 0;
				GCC_PREPROCESSOR_DEFINITIONS = (
					"DEBUG=1",
					"$(inherited)",
				);
				GCC_WARN_64_TO_32_BIT_CONVERSION = YES;
				GCC_WARN_ABOUT_RETURN_TYPE = YES_ERROR;
				GCC_WARN_UNDECLARED_SELECTOR = YES;
				GCC_WARN_UNINITIALIZED_AUTOS = YES_AGGRESSIVE;
				GCC_WARN_UNUSED_FUNCTION = YES;
				GCC_WARN_UNUSED_VARIABLE = YES;
				IPHONEOS_DEPLOYMENT_TARGET = 17.0;
				LOCALIZATION_PREFERS_STRING_CATALOGS = YES;
				MTL_ENABLE_DEBUG_INFO = INCLUDE_SOURCE;
				MTL_FAST_MATH = YES;
				ONLY_ACTIVE_ARCH = YES;
				SDKROOT = iphoneos;
				SWIFT_ACTIVE_COMPILATION_CONDITIONS = "DEBUG $(inherited)";
				SWIFT_OPTIMIZATION_LEVEL = "-Onone";
			};
			name = Debug;
		};
		208AC8922B19E80B001C917F /* Release */ = {
			isa = XCBuildConfiguration;
			buildSettings = {
				ALWAYS_SEARCH_USER_PATHS = NO;
				ASSETCATALOG_COMPILER_GENERATE_SWIFT_ASSET_SYMBOL_EXTENSIONS = YES;
				CLANG_ANALYZER_NONNULL = YES;
				CLANG_ANALYZER_NUMBER_OBJECT_CONVERSION = YES_AGGRESSIVE;
				CLANG_CXX_LANGUAGE_STANDARD = "gnu++20";
				CLANG_ENABLE_MODULES = YES;
				CLANG_ENABLE_OBJC_ARC = YES;
				CLANG_ENABLE_OBJC_WEAK = YES;
				CLANG_WARN_BLOCK_CAPTURE_AUTORELEASING = YES;
				CLANG_WARN_BOOL_CONVERSION = YES;
				CLANG_WARN_COMMA = YES;
				CLANG_WARN_CONSTANT_CONVERSION = YES;
				CLANG_WARN_DEPRECATED_OBJC_IMPLEMENTATIONS = YES;
				CLANG_WARN_DIRECT_OBJC_ISA_USAGE = YES_ERROR;
				CLANG_WARN_DOCUMENTATION_COMMENTS = YES;
				CLANG_WARN_EMPTY_BODY = YES;
				CLANG_WARN_ENUM_CONVERSION = YES;
				CLANG_WARN_INFINITE_RECURSION = YES;
				CLANG_WARN_INT_CONVERSION = YES;
				CLANG_WARN_NON_LITERAL_NULL_CONVERSION = YES;
				CLANG_WARN_OBJC_IMPLICIT_RETAIN_SELF = YES;
				CLANG_WARN_OBJC_LITERAL_CONVERSION = YES;
				CLANG_WARN_OBJC_ROOT_CLASS = YES_ERROR;
				CLANG_WARN_QUOTED_INCLUDE_IN_FRAMEWORK_HEADER = YES;
				CLANG_WARN_RANGE_LOOP_ANALYSIS = YES;
				CLANG_WARN_STRICT_PROTOTYPES = YES;
				CLANG_WARN_SUSPICIOUS_MOVE = YES;
				CLANG_WARN_UNGUARDED_AVAILABILITY = YES_AGGRESSIVE;
				CLANG_WARN_UNREACHABLE_CODE = YES;
				CLANG_WARN__DUPLICATE_METHOD_MATCH = YES;
				COPY_PHASE_STRIP = NO;
				DEBUG_INFORMATION_FORMAT = "dwarf-with-dsym";
				ENABLE_NS_ASSERTIONS = NO;
				ENABLE_STRICT_OBJC_MSGSEND = YES;
				ENABLE_USER_SCRIPT_SANDBOXING = YES;
				GCC_C_LANGUAGE_STANDARD = gnu17;
				GCC_NO_COMMON_BLOCKS = YES;
				GCC_WARN_64_TO_32_BIT_CONVERSION = YES;
				GCC_WARN_ABOUT_RETURN_TYPE = YES_ERROR;
				GCC_WARN_UNDECLARED_SELECTOR = YES;
				GCC_WARN_UNINITIALIZED_AUTOS = YES_AGGRESSIVE;
				GCC_WARN_UNUSED_FUNCTION = YES;
				GCC_WARN_UNUSED_VARIABLE = YES;
				IPHONEOS_DEPLOYMENT_TARGET = 17.0;
				LOCALIZATION_PREFERS_STRING_CATALOGS = YES;
				MTL_ENABLE_DEBUG_INFO = NO;
				MTL_FAST_MATH = YES;
				SDKROOT = iphoneos;
				SWIFT_COMPILATION_MODE = wholemodule;
				VALIDATE_PRODUCT = YES;
			};
			name = Release;
		};
		208AC8942B19E80B001C917F /* Debug */ = {
			isa = XCBuildConfiguration;
			buildSettings = {
				ASSETCATALOG_COMPILER_APPICON_NAME = AppIcon;
				ASSETCATALOG_COMPILER_GLOBAL_ACCENT_COLOR_NAME = AccentColor;
				CODE_SIGN_STYLE = Automatic;
				CURRENT_PROJECT_VERSION = 1;
				DEVELOPMENT_ASSET_PATHS = "\"Hike/Preview Content\"";
				DEVELOPMENT_TEAM = 7CK797UK32;
				ENABLE_PREVIEWS = YES;
				GENERATE_INFOPLIST_FILE = YES;
				INFOPLIST_KEY_UIApplicationSceneManifest_Generation = YES;
				INFOPLIST_KEY_UIApplicationSupportsIndirectInputEvents = YES;
				INFOPLIST_KEY_UILaunchScreen_Generation = YES;
				INFOPLIST_KEY_UISupportedInterfaceOrientations_iPad = "UIInterfaceOrientationPortrait UIInterfaceOrientationPortraitUpsideDown UIInterfaceOrientationLandscapeLeft UIInterfaceOrientationLandscapeRight";
				INFOPLIST_KEY_UISupportedInterfaceOrientations_iPhone = "UIInterfaceOrientationPortrait UIInterfaceOrientationLandscapeLeft UIInterfaceOrientationLandscapeRight";
				LD_RUNPATH_SEARCH_PATHS = (
					"$(inherited)",
					"@executable_path/Frameworks",
				);
				MARKETING_VERSION = 1.0;
				PRODUCT_BUNDLE_IDENTIFIER = com.tolmachevroman.Hike;
				PRODUCT_NAME = "$(TARGET_NAME)";
				SWIFT_EMIT_LOC_STRINGS = YES;
				SWIFT_VERSION = 5.0;
				TARGETED_DEVICE_FAMILY = "1,2";
			};
			name = Debug;
		};
		208AC8952B19E80B001C917F /* Release */ = {
			isa = XCBuildConfiguration;
			buildSettings = {
				ASSETCATALOG_COMPILER_APPICON_NAME = AppIcon;
				ASSETCATALOG_COMPILER_GLOBAL_ACCENT_COLOR_NAME = AccentColor;
				CODE_SIGN_STYLE = Automatic;
				CURRENT_PROJECT_VERSION = 1;
				DEVELOPMENT_ASSET_PATHS = "\"Hike/Preview Content\"";
				DEVELOPMENT_TEAM = 7CK797UK32;
				ENABLE_PREVIEWS = YES;
				GENERATE_INFOPLIST_FILE = YES;
				INFOPLIST_KEY_UIApplicationSceneManifest_Generation = YES;
				INFOPLIST_KEY_UIApplicationSupportsIndirectInputEvents = YES;
				INFOPLIST_KEY_UILaunchScreen_Generation = YES;
				INFOPLIST_KEY_UISupportedInterfaceOrientations_iPad = "UIInterfaceOrientationPortrait UIInterfaceOrientationPortraitUpsideDown UIInterfaceOrientationLandscapeLeft UIInterfaceOrientationLandscapeRight";
				INFOPLIST_KEY_UISupportedInterfaceOrientations_iPhone = "UIInterfaceOrientationPortrait UIInterfaceOrientationLandscapeLeft UIInterfaceOrientationLandscapeRight";
				LD_RUNPATH_SEARCH_PATHS = (
					"$(inherited)",
					"@executable_path/Frameworks",
				);
				MARKETING_VERSION = 1.0;
				PRODUCT_BUNDLE_IDENTIFIER = com.tolmachevroman.Hike;
				PRODUCT_NAME = "$(TARGET_NAME)";
				SWIFT_EMIT_LOC_STRINGS = YES;
				SWIFT_VERSION = 5.0;
				TARGETED_DEVICE_FAMILY = "1,2";
			};
			name = Release;
		};
		208AC8972B19E80B001C917F /* Debug */ = {
			isa = XCBuildConfiguration;
			buildSettings = {
				ALWAYS_EMBED_SWIFT_STANDARD_LIBRARIES = YES;
				BUNDLE_LOADER = "$(TEST_HOST)";
				CODE_SIGN_STYLE = Automatic;
				CURRENT_PROJECT_VERSION = 1;
				DEVELOPMENT_TEAM = 7CK797UK32;
				GENERATE_INFOPLIST_FILE = YES;
				IPHONEOS_DEPLOYMENT_TARGET = 17.0;
				MARKETING_VERSION = 1.0;
				PRODUCT_BUNDLE_IDENTIFIER = com.tolmachevroman.HikeTests;
				PRODUCT_NAME = "$(TARGET_NAME)";
				SWIFT_EMIT_LOC_STRINGS = NO;
				SWIFT_VERSION = 5.0;
				TARGETED_DEVICE_FAMILY = "1,2";
				TEST_HOST = "$(BUILT_PRODUCTS_DIR)/Hike.app/$(BUNDLE_EXECUTABLE_FOLDER_PATH)/Hike";
			};
			name = Debug;
		};
		208AC8982B19E80B001C917F /* Release */ = {
			isa = XCBuildConfiguration;
			buildSettings = {
				ALWAYS_EMBED_SWIFT_STANDARD_LIBRARIES = YES;
				BUNDLE_LOADER = "$(TEST_HOST)";
				CODE_SIGN_STYLE = Automatic;
				CURRENT_PROJECT_VERSION = 1;
				DEVELOPMENT_TEAM = 7CK797UK32;
				GENERATE_INFOPLIST_FILE = YES;
				IPHONEOS_DEPLOYMENT_TARGET = 17.0;
				MARKETING_VERSION = 1.0;
				PRODUCT_BUNDLE_IDENTIFIER = com.tolmachevroman.HikeTests;
				PRODUCT_NAME = "$(TARGET_NAME)";
				SWIFT_EMIT_LOC_STRINGS = NO;
				SWIFT_VERSION = 5.0;
				TARGETED_DEVICE_FAMILY = "1,2";
				TEST_HOST = "$(BUILT_PRODUCTS_DIR)/Hike.app/$(BUNDLE_EXECUTABLE_FOLDER_PATH)/Hike";
			};
			name = Release;
		};
		208AC89A2B19E80B001C917F /* Debug */ = {
			isa = XCBuildConfiguration;
			buildSettings = {
				ALWAYS_EMBED_SWIFT_STANDARD_LIBRARIES = YES;
				CODE_SIGN_STYLE = Automatic;
				CURRENT_PROJECT_VERSION = 1;
				DEVELOPMENT_TEAM = 7CK797UK32;
				GENERATE_INFOPLIST_FILE = YES;
				MARKETING_VERSION = 1.0;
				PRODUCT_BUNDLE_IDENTIFIER = com.tolmachevroman.HikeUITests;
				PRODUCT_NAME = "$(TARGET_NAME)";
				SWIFT_EMIT_LOC_STRINGS = NO;
				SWIFT_VERSION = 5.0;
				TARGETED_DEVICE_FAMILY = "1,2";
				TEST_TARGET_NAME = Hike;
			};
			name = Debug;
		};
		208AC89B2B19E80B001C917F /* Release */ = {
			isa = XCBuildConfiguration;
			buildSettings = {
				ALWAYS_EMBED_SWIFT_STANDARD_LIBRARIES = YES;
				CODE_SIGN_STYLE = Automatic;
				CURRENT_PROJECT_VERSION = 1;
				DEVELOPMENT_TEAM = 7CK797UK32;
				GENERATE_INFOPLIST_FILE = YES;
				MARKETING_VERSION = 1.0;
				PRODUCT_BUNDLE_IDENTIFIER = com.tolmachevroman.HikeUITests;
				PRODUCT_NAME = "$(TARGET_NAME)";
				SWIFT_EMIT_LOC_STRINGS = NO;
				SWIFT_VERSION = 5.0;
				TARGETED_DEVICE_FAMILY = "1,2";
				TEST_TARGET_NAME = Hike;
			};
			name = Release;
		};
/* End XCBuildConfiguration section */

/* Begin XCConfigurationList section */
		208AC86A2B19E809001C917F /* Build configuration list for PBXProject "Hike" */ = {
			isa = XCConfigurationList;
			buildConfigurations = (
				208AC8912B19E80B001C917F /* Debug */,
				208AC8922B19E80B001C917F /* Release */,
			);
			defaultConfigurationIsVisible = 0;
			defaultConfigurationName = Release;
		};
		208AC8932B19E80B001C917F /* Build configuration list for PBXNativeTarget "Hike" */ = {
			isa = XCConfigurationList;
			buildConfigurations = (
				208AC8942B19E80B001C917F /* Debug */,
				208AC8952B19E80B001C917F /* Release */,
			);
			defaultConfigurationIsVisible = 0;
			defaultConfigurationName = Release;
		};
		208AC8962B19E80B001C917F /* Build configuration list for PBXNativeTarget "HikeTests" */ = {
			isa = XCConfigurationList;
			buildConfigurations = (
				208AC8972B19E80B001C917F /* Debug */,
				208AC8982B19E80B001C917F /* Release */,
			);
			defaultConfigurationIsVisible = 0;
			defaultConfigurationName = Release;
		};
		208AC8992B19E80B001C917F /* Build configuration list for PBXNativeTarget "HikeUITests" */ = {
			isa = XCConfigurationList;
			buildConfigurations = (
				208AC89A2B19E80B001C917F /* Debug */,
				208AC89B2B19E80B001C917F /* Release */,
			);
			defaultConfigurationIsVisible = 0;
			defaultConfigurationName = Release;
		};
/* End XCConfigurationList section */
	};
	rootObject = 208AC8672B19E809001C917F /* Project object */;
}
